
Microsoft Visual Studio Solution File, Format Version 12.00
# Visual Studio Version 16
VisualStudioVersion = 16.0.30503.244
MinimumVisualStudioVersion = 10.0.40219.1
Project("{FAE04EC0-301F-11D3-BF4B-00C04F79EFBC}") = "Task 1", "Task 1\Task 1.csproj", "{32020E3C-ECBE-4E1C-B07C-4EB2ECD022D2}"
EndProject
Global
	GlobalSection(SolutionConfigurationPlatforms) = preSolution
		Debug|Any CPU = Debug|Any CPU
		Release|Any CPU = Release|Any CPU
	EndGlobalSection
	GlobalSection(ProjectConfigurationPlatforms) = postSolution
		{32020E3C-ECBE-4E1C-B07C-4EB2ECD022D2}.Debug|Any CPU.ActiveCfg = Debug|Any CPU
		{32020E3C-ECBE-4E1C-B07C-4EB2ECD022D2}.Debug|Any CPU.Build.0 = Debug|Any CPU
		{32020E3C-ECBE-4E1C-B07C-4EB2ECD022D2}.Release|Any CPU.ActiveCfg = Release|Any CPU
		{32020E3C-ECBE-4E1C-B07C-4EB2ECD022D2}.Release|Any CPU.Build.0 = Release|Any CPU
	EndGlobalSection
	GlobalSection(SolutionProperties) = preSolution
		HideSolutionNode = FALSE
	EndGlobalSection
	GlobalSection(ExtensibilityGlobals) = postSolution
		SolutionGuid = {F52BB141-D129-408A-A974-39202ABE4739}
	EndGlobalSection
EndGlobal
