
Microsoft Visual Studio Solution File, Format Version 12.00
# Visual Studio Version 16
VisualStudioVersion = 16.0.30503.244
MinimumVisualStudioVersion = 10.0.40219.1
Project("{9A19103F-16F7-4668-BE54-9A1E7A4F7556}") = "Task1", "Task1\Task1.csproj", "{070793BF-26F5-4260-B784-03C480DBC507}"
EndProject
Global
	GlobalSection(SolutionConfigurationPlatforms) = preSolution
		Debug|Any CPU = Debug|Any CPU
		Release|Any CPU = Release|Any CPU
	EndGlobalSection
	GlobalSection(ProjectConfigurationPlatforms) = postSolution
		{070793BF-26F5-4260-B784-03C480DBC507}.Debug|Any CPU.ActiveCfg = Debug|Any CPU
		{070793BF-26F5-4260-B784-03C480DBC507}.Debug|Any CPU.Build.0 = Debug|Any CPU
		{070793BF-26F5-4260-B784-03C480DBC507}.Release|Any CPU.ActiveCfg = Release|Any CPU
		{070793BF-26F5-4260-B784-03C480DBC507}.Release|Any CPU.Build.0 = Release|Any CPU
	EndGlobalSection
	GlobalSection(SolutionProperties) = preSolution
		HideSolutionNode = FALSE
	EndGlobalSection
	GlobalSection(ExtensibilityGlobals) = postSolution
		SolutionGuid = {BCA72341-A2F8-423A-8BDF-5175A833F161}
	EndGlobalSection
EndGlobal
