
Microsoft Visual Studio Solution File, Format Version 12.00
# Visual Studio Version 16
VisualStudioVersion = 16.0.30503.244
MinimumVisualStudioVersion = 10.0.40219.1
Project("{FAE04EC0-301F-11D3-BF4B-00C04F79EFBC}") = "Task_1", "Task_1\Task_1.csproj", "{39C99609-733A-45FF-BF1E-E7E912C57AEB}"
EndProject
Project("{FAE04EC0-301F-11D3-BF4B-00C04F79EFBC}") = "Task_2", "Task_2\Task_2.csproj", "{B0520A48-C663-4CB7-A147-713EDE73D9D7}"
EndProject
Global
	GlobalSection(SolutionConfigurationPlatforms) = preSolution
		Debug|Any CPU = Debug|Any CPU
		Release|Any CPU = Release|Any CPU
	EndGlobalSection
	GlobalSection(ProjectConfigurationPlatforms) = postSolution
		{39C99609-733A-45FF-BF1E-E7E912C57AEB}.Debug|Any CPU.ActiveCfg = Debug|Any CPU
		{39C99609-733A-45FF-BF1E-E7E912C57AEB}.Debug|Any CPU.Build.0 = Debug|Any CPU
		{39C99609-733A-45FF-BF1E-E7E912C57AEB}.Release|Any CPU.ActiveCfg = Release|Any CPU
		{39C99609-733A-45FF-BF1E-E7E912C57AEB}.Release|Any CPU.Build.0 = Release|Any CPU
		{B0520A48-C663-4CB7-A147-713EDE73D9D7}.Debug|Any CPU.ActiveCfg = Debug|Any CPU
		{B0520A48-C663-4CB7-A147-713EDE73D9D7}.Debug|Any CPU.Build.0 = Debug|Any CPU
		{B0520A48-C663-4CB7-A147-713EDE73D9D7}.Release|Any CPU.ActiveCfg = Release|Any CPU
		{B0520A48-C663-4CB7-A147-713EDE73D9D7}.Release|Any CPU.Build.0 = Release|Any CPU
	EndGlobalSection
	GlobalSection(SolutionProperties) = preSolution
		HideSolutionNode = FALSE
	EndGlobalSection
	GlobalSection(ExtensibilityGlobals) = postSolution
		SolutionGuid = {4B5A7E12-0067-463E-81E0-B357B69F6F1F}
	EndGlobalSection
EndGlobal
