
Microsoft Visual Studio Solution File, Format Version 12.00
# Visual Studio Version 16
VisualStudioVersion = 16.0.31005.135
MinimumVisualStudioVersion = 10.0.40219.1
Project("{FAE04EC0-301F-11D3-BF4B-00C04F79EFBC}") = "Task 1", "Task 1\Task 1.csproj", "{D4A9AF94-4624-480C-A648-129F01DDD419}"
EndProject
Project("{FAE04EC0-301F-11D3-BF4B-00C04F79EFBC}") = "Task 3", "Task 3\Task 3.csproj", "{CBB990E5-468B-493A-95EA-A05BE35EE008}"
EndProject
Global
	GlobalSection(SolutionConfigurationPlatforms) = preSolution
		Debug|Any CPU = Debug|Any CPU
		Release|Any CPU = Release|Any CPU
	EndGlobalSection
	GlobalSection(ProjectConfigurationPlatforms) = postSolution
		{D4A9AF94-4624-480C-A648-129F01DDD419}.Debug|Any CPU.ActiveCfg = Debug|Any CPU
		{D4A9AF94-4624-480C-A648-129F01DDD419}.Debug|Any CPU.Build.0 = Debug|Any CPU
		{D4A9AF94-4624-480C-A648-129F01DDD419}.Release|Any CPU.ActiveCfg = Release|Any CPU
		{D4A9AF94-4624-480C-A648-129F01DDD419}.Release|Any CPU.Build.0 = Release|Any CPU
		{CBB990E5-468B-493A-95EA-A05BE35EE008}.Debug|Any CPU.ActiveCfg = Debug|Any CPU
		{CBB990E5-468B-493A-95EA-A05BE35EE008}.Debug|Any CPU.Build.0 = Debug|Any CPU
		{CBB990E5-468B-493A-95EA-A05BE35EE008}.Release|Any CPU.ActiveCfg = Release|Any CPU
		{CBB990E5-468B-493A-95EA-A05BE35EE008}.Release|Any CPU.Build.0 = Release|Any CPU
	EndGlobalSection
	GlobalSection(SolutionProperties) = preSolution
		HideSolutionNode = FALSE
	EndGlobalSection
	GlobalSection(ExtensibilityGlobals) = postSolution
		SolutionGuid = {5ED4E365-EBB3-487D-A40E-A4F8C8A4782C}
	EndGlobalSection
EndGlobal
