
Microsoft Visual Studio Solution File, Format Version 12.00
# Visual Studio Version 16
VisualStudioVersion = 16.0.31005.135
MinimumVisualStudioVersion = 10.0.40219.1
Project("{FAE04EC0-301F-11D3-BF4B-00C04F79EFBC}") = "Task 1", "Task 1\Task 1.csproj", "{2D92E972-7256-4BE4-B96D-F9A8FAB3DABE}"
EndProject
Project("{FAE04EC0-301F-11D3-BF4B-00C04F79EFBC}") = "Task 2", "Task 2\Task 2.csproj", "{0ADD0767-5820-4D58-8AD6-0AF2A5D0F30B}"
EndProject
Global
	GlobalSection(SolutionConfigurationPlatforms) = preSolution
		Debug|Any CPU = Debug|Any CPU
		Release|Any CPU = Release|Any CPU
	EndGlobalSection
	GlobalSection(ProjectConfigurationPlatforms) = postSolution
		{2D92E972-7256-4BE4-B96D-F9A8FAB3DABE}.Debug|Any CPU.ActiveCfg = Debug|Any CPU
		{2D92E972-7256-4BE4-B96D-F9A8FAB3DABE}.Debug|Any CPU.Build.0 = Debug|Any CPU
		{2D92E972-7256-4BE4-B96D-F9A8FAB3DABE}.Release|Any CPU.ActiveCfg = Release|Any CPU
		{2D92E972-7256-4BE4-B96D-F9A8FAB3DABE}.Release|Any CPU.Build.0 = Release|Any CPU
		{0ADD0767-5820-4D58-8AD6-0AF2A5D0F30B}.Debug|Any CPU.ActiveCfg = Debug|Any CPU
		{0ADD0767-5820-4D58-8AD6-0AF2A5D0F30B}.Debug|Any CPU.Build.0 = Debug|Any CPU
		{0ADD0767-5820-4D58-8AD6-0AF2A5D0F30B}.Release|Any CPU.ActiveCfg = Release|Any CPU
		{0ADD0767-5820-4D58-8AD6-0AF2A5D0F30B}.Release|Any CPU.Build.0 = Release|Any CPU
	EndGlobalSection
	GlobalSection(SolutionProperties) = preSolution
		HideSolutionNode = FALSE
	EndGlobalSection
	GlobalSection(ExtensibilityGlobals) = postSolution
		SolutionGuid = {D5D830E5-5088-48FF-BD21-0AAF0F40DDCC}
	EndGlobalSection
EndGlobal
