
Microsoft Visual Studio Solution File, Format Version 12.00
# Visual Studio Version 16
VisualStudioVersion = 16.0.30503.244
MinimumVisualStudioVersion = 10.0.40219.1
Project("{FAE04EC0-301F-11D3-BF4B-00C04F79EFBC}") = "Ex 1", "Ex 1\Ex 1.csproj", "{0D9351CC-8E14-44C0-9385-785AC087F7CC}"
EndProject
Project("{FAE04EC0-301F-11D3-BF4B-00C04F79EFBC}") = "Ex 2", "Ex 2\Ex 2.csproj", "{8FAE1C69-5C75-40CA-B4D5-79B60AF52E19}"
EndProject
Global
	GlobalSection(SolutionConfigurationPlatforms) = preSolution
		Debug|Any CPU = Debug|Any CPU
		Release|Any CPU = Release|Any CPU
	EndGlobalSection
	GlobalSection(ProjectConfigurationPlatforms) = postSolution
		{0D9351CC-8E14-44C0-9385-785AC087F7CC}.Debug|Any CPU.ActiveCfg = Debug|Any CPU
		{0D9351CC-8E14-44C0-9385-785AC087F7CC}.Debug|Any CPU.Build.0 = Debug|Any CPU
		{0D9351CC-8E14-44C0-9385-785AC087F7CC}.Release|Any CPU.ActiveCfg = Release|Any CPU
		{0D9351CC-8E14-44C0-9385-785AC087F7CC}.Release|Any CPU.Build.0 = Release|Any CPU
		{8FAE1C69-5C75-40CA-B4D5-79B60AF52E19}.Debug|Any CPU.ActiveCfg = Debug|Any CPU
		{8FAE1C69-5C75-40CA-B4D5-79B60AF52E19}.Debug|Any CPU.Build.0 = Debug|Any CPU
		{8FAE1C69-5C75-40CA-B4D5-79B60AF52E19}.Release|Any CPU.ActiveCfg = Release|Any CPU
		{8FAE1C69-5C75-40CA-B4D5-79B60AF52E19}.Release|Any CPU.Build.0 = Release|Any CPU
	EndGlobalSection
	GlobalSection(SolutionProperties) = preSolution
		HideSolutionNode = FALSE
	EndGlobalSection
	GlobalSection(ExtensibilityGlobals) = postSolution
		SolutionGuid = {77527CB0-FB3A-4034-B73D-F5CDBF1DA019}
	EndGlobalSection
EndGlobal
